// !$*UTF8*$!
{
	archiveVersion = 1;
	classes = {
	};
	objectVersion = 46;
	objects = {

/* Begin PBXBuildFile section */
		9300B39D1CFFC141000FA51E /* POPSpringAnimation+WM.m in Sources */ = {isa = PBXBuildFile; fileRef = 9300B39C1CFFC141000FA51E /* POPSpringAnimation+WM.m */; };
		931528851CFD168A00D27FD0 /* main.m in Sources */ = {isa = PBXBuildFile; fileRef = 931528841CFD168A00D27FD0 /* main.m */; };
		9315288E1CFD168A00D27FD0 /* Main.storyboard in Resources */ = {isa = PBXBuildFile; fileRef = 9315288C1CFD168A00D27FD0 /* Main.storyboard */; };
		931528901CFD168A00D27FD0 /* Assets.xcassets in Resources */ = {isa = PBXBuildFile; fileRef = 9315288F1CFD168A00D27FD0 /* Assets.xcassets */; };
		931528931CFD168A00D27FD0 /* LaunchScreen.storyboard in Resources */ = {isa = PBXBuildFile; fileRef = 931528911CFD168A00D27FD0 /* LaunchScreen.storyboard */; };
		9315289E1CFD168A00D27FD0 /* PopDemoTests.m in Sources */ = {isa = PBXBuildFile; fileRef = 9315289D1CFD168A00D27FD0 /* PopDemoTests.m */; };
		931528A91CFD168A00D27FD0 /* PopDemoUITests.m in Sources */ = {isa = PBXBuildFile; fileRef = 931528A81CFD168A00D27FD0 /* PopDemoUITests.m */; };
		931529081CFD1D0C00D27FD0 /* AppDelegate.m in Sources */ = {isa = PBXBuildFile; fileRef = 931529051CFD1D0C00D27FD0 /* AppDelegate.m */; };
		931529091CFD1D0C00D27FD0 /* ViewController.m in Sources */ = {isa = PBXBuildFile; fileRef = 931529071CFD1D0C00D27FD0 /* ViewController.m */; };
		9315290D1CFD1FFC00D27FD0 /* BaseViewController.m in Sources */ = {isa = PBXBuildFile; fileRef = 9315290C1CFD1FFC00D27FD0 /* BaseViewController.m */; };
		931529101CFD202E00D27FD0 /* Transform3DViewController.m in Sources */ = {isa = PBXBuildFile; fileRef = 9315290F1CFD202E00D27FD0 /* Transform3DViewController.m */; };
		931529141CFD67AA00D27FD0 /* LineationViewController.m in Sources */ = {isa = PBXBuildFile; fileRef = 931529131CFD67AA00D27FD0 /* LineationViewController.m */; };
		931529171CFD683300D27FD0 /* WMLayer.m in Sources */ = {isa = PBXBuildFile; fileRef = 931529161CFD683300D27FD0 /* WMLayer.m */; };
		937289B01CFD837900E3E973 /* fire.png in Resources */ = {isa = PBXBuildFile; fileRef = 937289AF1CFD837900E3E973 /* fire.png */; };
		93728A061CFD998300E3E973 /* CAEmitterLayerView.m in Sources */ = {isa = PBXBuildFile; fileRef = 937289FF1CFD998300E3E973 /* CAEmitterLayerView.m */; };
		93728A071CFD998300E3E973 /* Rain.m in Sources */ = {isa = PBXBuildFile; fileRef = 93728A011CFD998300E3E973 /* Rain.m */; };
		93728A081CFD998300E3E973 /* rain@2x.png in Resources */ = {isa = PBXBuildFile; fileRef = 93728A021CFD998300E3E973 /* rain@2x.png */; };
		93728A091CFD998300E3E973 /* Snow.m in Sources */ = {isa = PBXBuildFile; fileRef = 93728A041CFD998300E3E973 /* Snow.m */; };
		93728A0A1CFD998300E3E973 /* snow@2x.png in Resources */ = {isa = PBXBuildFile; fileRef = 93728A051CFD998300E3E973 /* snow@2x.png */; };
		93728A0D1CFD999D00E3E973 /* CAEmitterLayerViewController.m in Sources */ = {isa = PBXBuildFile; fileRef = 93728A0C1CFD999D00E3E973 /* CAEmitterLayerViewController.m */; };
		93728A0F1CFD9A5A00E3E973 /* alpha@2x.png in Resources */ = {isa = PBXBuildFile; fileRef = 93728A0E1CFD9A5A00E3E973 /* alpha@2x.png */; };
		93BA5BB81CFEBADA00BF06DC /* ball.png in Resources */ = {isa = PBXBuildFile; fileRef = 93BA5BB71CFEBADA00BF06DC /* ball.png */; };
		93BA5BBC1CFEBD8A00BF06DC /* PopViewController.m in Sources */ = {isa = PBXBuildFile; fileRef = 93BA5BBB1CFEBD8A00BF06DC /* PopViewController.m */; };
		93BA5BBE1CFEBE5600BF06DC /* snow1.png in Resources */ = {isa = PBXBuildFile; fileRef = 93BA5BBD1CFEBE5600BF06DC /* snow1.png */; };
		93BA5BF41CFEC0C100BF06DC /* POPAnimatableProperty.mm in Sources */ = {isa = PBXBuildFile; fileRef = 93BA5BC31CFEC0C100BF06DC /* POPAnimatableProperty.mm */; };
		93BA5BF51CFEC0C100BF06DC /* POPAnimation.mm in Sources */ = {isa = PBXBuildFile; fileRef = 93BA5BC51CFEC0C100BF06DC /* POPAnimation.mm */; };
		93BA5BF61CFEC0C100BF06DC /* POPAnimationEvent.mm in Sources */ = {isa = PBXBuildFile; fileRef = 93BA5BC71CFEC0C100BF06DC /* POPAnimationEvent.mm */; };
		93BA5BF71CFEC0C100BF06DC /* POPAnimationExtras.mm in Sources */ = {isa = PBXBuildFile; fileRef = 93BA5BCA1CFEC0C100BF06DC /* POPAnimationExtras.mm */; };
		93BA5BF81CFEC0C100BF06DC /* POPAnimationRuntime.mm in Sources */ = {isa = PBXBuildFile; fileRef = 93BA5BCE1CFEC0C100BF06DC /* POPAnimationRuntime.mm */; };
		93BA5BF91CFEC0C100BF06DC /* POPAnimationTracer.mm in Sources */ = {isa = PBXBuildFile; fileRef = 93BA5BD01CFEC0C100BF06DC /* POPAnimationTracer.mm */; };
		93BA5BFA1CFEC0C100BF06DC /* POPAnimator.mm in Sources */ = {isa = PBXBuildFile; fileRef = 93BA5BD31CFEC0C100BF06DC /* POPAnimator.mm */; };
		93BA5BFB1CFEC0C100BF06DC /* POPBasicAnimation.mm in Sources */ = {isa = PBXBuildFile; fileRef = 93BA5BD61CFEC0C100BF06DC /* POPBasicAnimation.mm */; };
		93BA5BFC1CFEC0C100BF06DC /* POPCGUtils.mm in Sources */ = {isa = PBXBuildFile; fileRef = 93BA5BD91CFEC0C100BF06DC /* POPCGUtils.mm */; };
		93BA5BFD1CFEC0C100BF06DC /* POPCustomAnimation.mm in Sources */ = {isa = PBXBuildFile; fileRef = 93BA5BDB1CFEC0C100BF06DC /* POPCustomAnimation.mm */; };
		93BA5BFE1CFEC0C100BF06DC /* POPDecayAnimation.mm in Sources */ = {isa = PBXBuildFile; fileRef = 93BA5BDD1CFEC0C100BF06DC /* POPDecayAnimation.mm */; };
		93BA5BFF1CFEC0C100BF06DC /* POPGeometry.mm in Sources */ = {isa = PBXBuildFile; fileRef = 93BA5BE11CFEC0C100BF06DC /* POPGeometry.mm */; };
		93BA5C001CFEC0C100BF06DC /* POPLayerExtras.mm in Sources */ = {isa = PBXBuildFile; fileRef = 93BA5BE31CFEC0C100BF06DC /* POPLayerExtras.mm */; };
		93BA5C011CFEC0C100BF06DC /* POPMath.mm in Sources */ = {isa = PBXBuildFile; fileRef = 93BA5BE51CFEC0C100BF06DC /* POPMath.mm */; };
		93BA5C021CFEC0C100BF06DC /* POPPropertyAnimation.mm in Sources */ = {isa = PBXBuildFile; fileRef = 93BA5BE71CFEC0C100BF06DC /* POPPropertyAnimation.mm */; };
		93BA5C031CFEC0C100BF06DC /* POPSpringAnimation.mm in Sources */ = {isa = PBXBuildFile; fileRef = 93BA5BEA1CFEC0C100BF06DC /* POPSpringAnimation.mm */; };
		93BA5C041CFEC0C100BF06DC /* POPVector.mm in Sources */ = {isa = PBXBuildFile; fileRef = 93BA5BEE1CFEC0C100BF06DC /* POPVector.mm */; };
		93BA5C051CFEC0C100BF06DC /* TransformationMatrix.cpp in Sources */ = {isa = PBXBuildFile; fileRef = 93BA5BF11CFEC0C100BF06DC /* TransformationMatrix.cpp */; };
		93BA5C081CFEC9A100BF06DC /* WMCustomButton.m in Sources */ = {isa = PBXBuildFile; fileRef = 93BA5C071CFEC9A100BF06DC /* WMCustomButton.m */; };
		93BA5C0E1CFEE4B000BF06DC /* ReplicatorViewController.m in Sources */ = {isa = PBXBuildFile; fileRef = 93BA5C0D1CFEE4B000BF06DC /* ReplicatorViewController.m */; };
/* End PBXBuildFile section */

/* Begin PBXContainerItemProxy section */
		9315289A1CFD168A00D27FD0 /* PBXContainerItemProxy */ = {
			isa = PBXContainerItemProxy;
			containerPortal = 931528781CFD168A00D27FD0 /* Project object */;
			proxyType = 1;
			remoteGlobalIDString = 9315287F1CFD168A00D27FD0;
			remoteInfo = PopDemo;
		};
		931528A51CFD168A00D27FD0 /* PBXContainerItemProxy */ = {
			isa = PBXContainerItemProxy;
			containerPortal = 931528781CFD168A00D27FD0 /* Project object */;
			proxyType = 1;
			remoteGlobalIDString = 9315287F1CFD168A00D27FD0;
			remoteInfo = PopDemo;
		};
/* End PBXContainerItemProxy section */

/* Begin PBXFileReference section */
		9300B39B1CFFC141000FA51E /* POPSpringAnimation+WM.h */ = {isa = PBXFileReference; fileEncoding = 4; lastKnownFileType = sourcecode.c.h; path = "POPSpringAnimation+WM.h"; sourceTree = "<group>"; };
		9300B39C1CFFC141000FA51E /* POPSpringAnimation+WM.m */ = {isa = PBXFileReference; fileEncoding = 4; lastKnownFileType = sourcecode.c.objc; path = "POPSpringAnimation+WM.m"; sourceTree = "<group>"; };
		931528801CFD168A00D27FD0 /* PopDemo.app */ = {isa = PBXFileReference; explicitFileType = wrapper.application; includeInIndex = 0; path = PopDemo.app; sourceTree = BUILT_PRODUCTS_DIR; };
		931528841CFD168A00D27FD0 /* main.m */ = {isa = PBXFileReference; lastKnownFileType = sourcecode.c.objc; path = main.m; sourceTree = "<group>"; };
		9315288D1CFD168A00D27FD0 /* Base */ = {isa = PBXFileReference; lastKnownFileType = file.storyboard; name = Base; path = Base.lproj/Main.storyboard; sourceTree = "<group>"; };
		9315288F1CFD168A00D27FD0 /* Assets.xcassets */ = {isa = PBXFileReference; lastKnownFileType = folder.assetcatalog; path = Assets.xcassets; sourceTree = "<group>"; };
		931528921CFD168A00D27FD0 /* Base */ = {isa = PBXFileReference; lastKnownFileType = file.storyboard; name = Base; path = Base.lproj/LaunchScreen.storyboard; sourceTree = "<group>"; };
		931528941CFD168A00D27FD0 /* Info.plist */ = {isa = PBXFileReference; lastKnownFileType = text.plist.xml; path = Info.plist; sourceTree = "<group>"; };
		931528991CFD168A00D27FD0 /* PopDemoTests.xctest */ = {isa = PBXFileReference; explicitFileType = wrapper.cfbundle; includeInIndex = 0; path = PopDemoTests.xctest; sourceTree = BUILT_PRODUCTS_DIR; };
		9315289D1CFD168A00D27FD0 /* PopDemoTests.m */ = {isa = PBXFileReference; lastKnownFileType = sourcecode.c.objc; path = PopDemoTests.m; sourceTree = "<group>"; };
		9315289F1CFD168A00D27FD0 /* Info.plist */ = {isa = PBXFileReference; lastKnownFileType = text.plist.xml; path = Info.plist; sourceTree = "<group>"; };
		931528A41CFD168A00D27FD0 /* PopDemoUITests.xctest */ = {isa = PBXFileReference; explicitFileType = wrapper.cfbundle; includeInIndex = 0; path = PopDemoUITests.xctest; sourceTree = BUILT_PRODUCTS_DIR; };
		931528A81CFD168A00D27FD0 /* PopDemoUITests.m */ = {isa = PBXFileReference; lastKnownFileType = sourcecode.c.objc; path = PopDemoUITests.m; sourceTree = "<group>"; };
		931528AA1CFD168A00D27FD0 /* Info.plist */ = {isa = PBXFileReference; lastKnownFileType = text.plist.xml; path = Info.plist; sourceTree = "<group>"; };
		931529041CFD1D0C00D27FD0 /* AppDelegate.h */ = {isa = PBXFileReference; fileEncoding = 4; lastKnownFileType = sourcecode.c.h; path = AppDelegate.h; sourceTree = "<group>"; };
		931529051CFD1D0C00D27FD0 /* AppDelegate.m */ = {isa = PBXFileReference; fileEncoding = 4; lastKnownFileType = sourcecode.c.objc; path = AppDelegate.m; sourceTree = "<group>"; };
		931529061CFD1D0C00D27FD0 /* ViewController.h */ = {isa = PBXFileReference; fileEncoding = 4; lastKnownFileType = sourcecode.c.h; path = ViewController.h; sourceTree = "<group>"; };
		931529071CFD1D0C00D27FD0 /* ViewController.m */ = {isa = PBXFileReference; fileEncoding = 4; lastKnownFileType = sourcecode.c.objc; path = ViewController.m; sourceTree = "<group>"; };
		9315290B1CFD1FFC00D27FD0 /* BaseViewController.h */ = {isa = PBXFileReference; fileEncoding = 4; lastKnownFileType = sourcecode.c.h; name = BaseViewController.h; path = ../BaseViewController.h; sourceTree = "<group>"; };
		9315290C1CFD1FFC00D27FD0 /* BaseViewController.m */ = {isa = PBXFileReference; fileEncoding = 4; lastKnownFileType = sourcecode.c.objc; name = BaseViewController.m; path = ../BaseViewController.m; sourceTree = "<group>"; };
		9315290E1CFD202E00D27FD0 /* Transform3DViewController.h */ = {isa = PBXFileReference; fileEncoding = 4; lastKnownFileType = sourcecode.c.h; path = Transform3DViewController.h; sourceTree = "<group>"; };
		9315290F1CFD202E00D27FD0 /* Transform3DViewController.m */ = {isa = PBXFileReference; fileEncoding = 4; lastKnownFileType = sourcecode.c.objc; path = Transform3DViewController.m; sourceTree = "<group>"; };
		931529121CFD67AA00D27FD0 /* LineationViewController.h */ = {isa = PBXFileReference; fileEncoding = 4; lastKnownFileType = sourcecode.c.h; path = LineationViewController.h; sourceTree = "<group>"; };
		931529131CFD67AA00D27FD0 /* LineationViewController.m */ = {isa = PBXFileReference; fileEncoding = 4; lastKnownFileType = sourcecode.c.objc; path = LineationViewController.m; sourceTree = "<group>"; };
		931529151CFD683300D27FD0 /* WMLayer.h */ = {isa = PBXFileReference; fileEncoding = 4; lastKnownFileType = sourcecode.c.h; path = WMLayer.h; sourceTree = "<group>"; };
		931529161CFD683300D27FD0 /* WMLayer.m */ = {isa = PBXFileReference; fileEncoding = 4; lastKnownFileType = sourcecode.c.objc; path = WMLayer.m; sourceTree = "<group>"; };
		937289AF1CFD837900E3E973 /* fire.png */ = {isa = PBXFileReference; lastKnownFileType = image.png; name = fire.png; path = ../fire.png; sourceTree = "<group>"; };
		937289FE1CFD998300E3E973 /* CAEmitterLayerView.h */ = {isa = PBXFileReference; fileEncoding = 4; lastKnownFileType = sourcecode.c.h; path = CAEmitterLayerView.h; sourceTree = "<group>"; };
		937289FF1CFD998300E3E973 /* CAEmitterLayerView.m */ = {isa = PBXFileReference; fileEncoding = 4; lastKnownFileType = sourcecode.c.objc; path = CAEmitterLayerView.m; sourceTree = "<group>"; };
		93728A001CFD998300E3E973 /* Rain.h */ = {isa = PBXFileReference; fileEncoding = 4; lastKnownFileType = sourcecode.c.h; path = Rain.h; sourceTree = "<group>"; };
		93728A011CFD998300E3E973 /* Rain.m */ = {isa = PBXFileReference; fileEncoding = 4; lastKnownFileType = sourcecode.c.objc; path = Rain.m; sourceTree = "<group>"; };
		93728A021CFD998300E3E973 /* rain@2x.png */ = {isa = PBXFileReference; lastKnownFileType = image.png; path = "rain@2x.png"; sourceTree = "<group>"; };
		93728A031CFD998300E3E973 /* Snow.h */ = {isa = PBXFileReference; fileEncoding = 4; lastKnownFileType = sourcecode.c.h; path = Snow.h; sourceTree = "<group>"; };
		93728A041CFD998300E3E973 /* Snow.m */ = {isa = PBXFileReference; fileEncoding = 4; lastKnownFileType = sourcecode.c.objc; path = Snow.m; sourceTree = "<group>"; };
		93728A051CFD998300E3E973 /* snow@2x.png */ = {isa = PBXFileReference; lastKnownFileType = image.png; path = "snow@2x.png"; sourceTree = "<group>"; };
		93728A0B1CFD999D00E3E973 /* CAEmitterLayerViewController.h */ = {isa = PBXFileReference; fileEncoding = 4; lastKnownFileType = sourcecode.c.h; path = CAEmitterLayerViewController.h; sourceTree = "<group>"; };
		93728A0C1CFD999D00E3E973 /* CAEmitterLayerViewController.m */ = {isa = PBXFileReference; fileEncoding = 4; lastKnownFileType = sourcecode.c.objc; path = CAEmitterLayerViewController.m; sourceTree = "<group>"; };
		93728A0E1CFD9A5A00E3E973 /* alpha@2x.png */ = {isa = PBXFileReference; lastKnownFileType = image.png; path = "alpha@2x.png"; sourceTree = "<group>"; };
		93BA5BB71CFEBADA00BF06DC /* ball.png */ = {isa = PBXFileReference; lastKnownFileType = image.png; path = ball.png; sourceTree = "<group>"; };
		93BA5BBA1CFEBD8A00BF06DC /* PopViewController.h */ = {isa = PBXFileReference; fileEncoding = 4; lastKnownFileType = sourcecode.c.h; path = PopViewController.h; sourceTree = "<group>"; };
		93BA5BBB1CFEBD8A00BF06DC /* PopViewController.m */ = {isa = PBXFileReference; fileEncoding = 4; lastKnownFileType = sourcecode.c.objc; path = PopViewController.m; sourceTree = "<group>"; };
		93BA5BBD1CFEBE5600BF06DC /* snow1.png */ = {isa = PBXFileReference; lastKnownFileType = image.png; path = snow1.png; sourceTree = "<group>"; };
		93BA5BC01CFEC0C100BF06DC /* POP.h */ = {isa = PBXFileReference; fileEncoding = 4; lastKnownFileType = sourcecode.c.h; path = POP.h; sourceTree = "<group>"; };
		93BA5BC11CFEC0C100BF06DC /* POPAction.h */ = {isa = PBXFileReference; fileEncoding = 4; lastKnownFileType = sourcecode.c.h; path = POPAction.h; sourceTree = "<group>"; };
		93BA5BC21CFEC0C100BF06DC /* POPAnimatableProperty.h */ = {isa = PBXFileReference; fileEncoding = 4; lastKnownFileType = sourcecode.c.h; path = POPAnimatableProperty.h; sourceTree = "<group>"; };
		93BA5BC31CFEC0C100BF06DC /* POPAnimatableProperty.mm */ = {isa = PBXFileReference; fileEncoding = 4; lastKnownFileType = sourcecode.cpp.objcpp; path = POPAnimatableProperty.mm; sourceTree = "<group>"; };
		93BA5BC41CFEC0C100BF06DC /* POPAnimation.h */ = {isa = PBXFileReference; fileEncoding = 4; lastKnownFileType = sourcecode.c.h; path = POPAnimation.h; sourceTree = "<group>"; };
		93BA5BC51CFEC0C100BF06DC /* POPAnimation.mm */ = {isa = PBXFileReference; fileEncoding = 4; lastKnownFileType = sourcecode.cpp.objcpp; path = POPAnimation.mm; sourceTree = "<group>"; };
		93BA5BC61CFEC0C100BF06DC /* POPAnimationEvent.h */ = {isa = PBXFileReference; fileEncoding = 4; lastKnownFileType = sourcecode.c.h; path = POPAnimationEvent.h; sourceTree = "<group>"; };
		93BA5BC71CFEC0C100BF06DC /* POPAnimationEvent.mm */ = {isa = PBXFileReference; fileEncoding = 4; lastKnownFileType = sourcecode.cpp.objcpp; path = POPAnimationEvent.mm; sourceTree = "<group>"; };
		93BA5BC81CFEC0C100BF06DC /* POPAnimationEventInternal.h */ = {isa = PBXFileReference; fileEncoding = 4; lastKnownFileType = sourcecode.c.h; path = POPAnimationEventInternal.h; sourceTree = "<group>"; };
		93BA5BC91CFEC0C100BF06DC /* POPAnimationExtras.h */ = {isa = PBXFileReference; fileEncoding = 4; lastKnownFileType = sourcecode.c.h; path = POPAnimationExtras.h; sourceTree = "<group>"; };
		93BA5BCA1CFEC0C100BF06DC /* POPAnimationExtras.mm */ = {isa = PBXFileReference; fileEncoding = 4; lastKnownFileType = sourcecode.cpp.objcpp; path = POPAnimationExtras.mm; sourceTree = "<group>"; };
		93BA5BCB1CFEC0C100BF06DC /* POPAnimationInternal.h */ = {isa = PBXFileReference; fileEncoding = 4; lastKnownFileType = sourcecode.c.h; path = POPAnimationInternal.h; sourceTree = "<group>"; };
		93BA5BCC1CFEC0C100BF06DC /* POPAnimationPrivate.h */ = {isa = PBXFileReference; fileEncoding = 4; lastKnownFileType = sourcecode.c.h; path = POPAnimationPrivate.h; sourceTree = "<group>"; };
		93BA5BCD1CFEC0C100BF06DC /* POPAnimationRuntime.h */ = {isa = PBXFileReference; fileEncoding = 4; lastKnownFileType = sourcecode.c.h; path = POPAnimationRuntime.h; sourceTree = "<group>"; };
		93BA5BCE1CFEC0C100BF06DC /* POPAnimationRuntime.mm */ = {isa = PBXFileReference; fileEncoding = 4; lastKnownFileType = sourcecode.cpp.objcpp; path = POPAnimationRuntime.mm; sourceTree = "<group>"; };
		93BA5BCF1CFEC0C100BF06DC /* POPAnimationTracer.h */ = {isa = PBXFileReference; fileEncoding = 4; lastKnownFileType = sourcecode.c.h; path = POPAnimationTracer.h; sourceTree = "<group>"; };
		93BA5BD01CFEC0C100BF06DC /* POPAnimationTracer.mm */ = {isa = PBXFileReference; fileEncoding = 4; lastKnownFileType = sourcecode.cpp.objcpp; path = POPAnimationTracer.mm; sourceTree = "<group>"; };
		93BA5BD11CFEC0C100BF06DC /* POPAnimationTracerInternal.h */ = {isa = PBXFileReference; fileEncoding = 4; lastKnownFileType = sourcecode.c.h; path = POPAnimationTracerInternal.h; sourceTree = "<group>"; };
		93BA5BD21CFEC0C100BF06DC /* POPAnimator.h */ = {isa = PBXFileReference; fileEncoding = 4; lastKnownFileType = sourcecode.c.h; path = POPAnimator.h; sourceTree = "<group>"; };
		93BA5BD31CFEC0C100BF06DC /* POPAnimator.mm */ = {isa = PBXFileReference; fileEncoding = 4; lastKnownFileType = sourcecode.cpp.objcpp; path = POPAnimator.mm; sourceTree = "<group>"; };
		93BA5BD41CFEC0C100BF06DC /* POPAnimatorPrivate.h */ = {isa = PBXFileReference; fileEncoding = 4; lastKnownFileType = sourcecode.c.h; path = POPAnimatorPrivate.h; sourceTree = "<group>"; };
		93BA5BD51CFEC0C100BF06DC /* POPBasicAnimation.h */ = {isa = PBXFileReference; fileEncoding = 4; lastKnownFileType = sourcecode.c.h; path = POPBasicAnimation.h; sourceTree = "<group>"; };
		93BA5BD61CFEC0C100BF06DC /* POPBasicAnimation.mm */ = {isa = PBXFileReference; fileEncoding = 4; lastKnownFileType = sourcecode.cpp.objcpp; path = POPBasicAnimation.mm; sourceTree = "<group>"; };
		93BA5BD71CFEC0C100BF06DC /* POPBasicAnimationInternal.h */ = {isa = PBXFileReference; fileEncoding = 4; lastKnownFileType = sourcecode.c.h; path = POPBasicAnimationInternal.h; sourceTree = "<group>"; };
		93BA5BD81CFEC0C100BF06DC /* POPCGUtils.h */ = {isa = PBXFileReference; fileEncoding = 4; lastKnownFileType = sourcecode.c.h; path = POPCGUtils.h; sourceTree = "<group>"; };
		93BA5BD91CFEC0C100BF06DC /* POPCGUtils.mm */ = {isa = PBXFileReference; fileEncoding = 4; lastKnownFileType = sourcecode.cpp.objcpp; path = POPCGUtils.mm; sourceTree = "<group>"; };
		93BA5BDA1CFEC0C100BF06DC /* POPCustomAnimation.h */ = {isa = PBXFileReference; fileEncoding = 4; lastKnownFileType = sourcecode.c.h; path = POPCustomAnimation.h; sourceTree = "<group>"; };
		93BA5BDB1CFEC0C100BF06DC /* POPCustomAnimation.mm */ = {isa = PBXFileReference; fileEncoding = 4; lastKnownFileType = sourcecode.cpp.objcpp; path = POPCustomAnimation.mm; sourceTree = "<group>"; };
		93BA5BDC1CFEC0C100BF06DC /* POPDecayAnimation.h */ = {isa = PBXFileReference; fileEncoding = 4; lastKnownFileType = sourcecode.c.h; path = POPDecayAnimation.h; sourceTree = "<group>"; };
		93BA5BDD1CFEC0C100BF06DC /* POPDecayAnimation.mm */ = {isa = PBXFileReference; fileEncoding = 4; lastKnownFileType = sourcecode.cpp.objcpp; path = POPDecayAnimation.mm; sourceTree = "<group>"; };
		93BA5BDE1CFEC0C100BF06DC /* POPDecayAnimationInternal.h */ = {isa = PBXFileReference; fileEncoding = 4; lastKnownFileType = sourcecode.c.h; path = POPDecayAnimationInternal.h; sourceTree = "<group>"; };
		93BA5BDF1CFEC0C100BF06DC /* POPDefines.h */ = {isa = PBXFileReference; fileEncoding = 4; lastKnownFileType = sourcecode.c.h; path = POPDefines.h; sourceTree = "<group>"; };
		93BA5BE01CFEC0C100BF06DC /* POPGeometry.h */ = {isa = PBXFileReference; fileEncoding = 4; lastKnownFileType = sourcecode.c.h; path = POPGeometry.h; sourceTree = "<group>"; };
		93BA5BE11CFEC0C100BF06DC /* POPGeometry.mm */ = {isa = PBXFileReference; fileEncoding = 4; lastKnownFileType = sourcecode.cpp.objcpp; path = POPGeometry.mm; sourceTree = "<group>"; };
		93BA5BE21CFEC0C100BF06DC /* POPLayerExtras.h */ = {isa = PBXFileReference; fileEncoding = 4; lastKnownFileType = sourcecode.c.h; path = POPLayerExtras.h; sourceTree = "<group>"; };
		93BA5BE31CFEC0C100BF06DC /* POPLayerExtras.mm */ = {isa = PBXFileReference; fileEncoding = 4; lastKnownFileType = sourcecode.cpp.objcpp; path = POPLayerExtras.mm; sourceTree = "<group>"; };
		93BA5BE41CFEC0C100BF06DC /* POPMath.h */ = {isa = PBXFileReference; fileEncoding = 4; lastKnownFileType = sourcecode.c.h; path = POPMath.h; sourceTree = "<group>"; };
		93BA5BE51CFEC0C100BF06DC /* POPMath.mm */ = {isa = PBXFileReference; fileEncoding = 4; lastKnownFileType = sourcecode.cpp.objcpp; path = POPMath.mm; sourceTree = "<group>"; };
		93BA5BE61CFEC0C100BF06DC /* POPPropertyAnimation.h */ = {isa = PBXFileReference; fileEncoding = 4; lastKnownFileType = sourcecode.c.h; path = POPPropertyAnimation.h; sourceTree = "<group>"; };
		93BA5BE71CFEC0C100BF06DC /* POPPropertyAnimation.mm */ = {isa = PBXFileReference; fileEncoding = 4; lastKnownFileType = sourcecode.cpp.objcpp; path = POPPropertyAnimation.mm; sourceTree = "<group>"; };
		93BA5BE81CFEC0C100BF06DC /* POPPropertyAnimationInternal.h */ = {isa = PBXFileReference; fileEncoding = 4; lastKnownFileType = sourcecode.c.h; path = POPPropertyAnimationInternal.h; sourceTree = "<group>"; };
		93BA5BE91CFEC0C100BF06DC /* POPSpringAnimation.h */ = {isa = PBXFileReference; fileEncoding = 4; lastKnownFileType = sourcecode.c.h; path = POPSpringAnimation.h; sourceTree = "<group>"; };
		93BA5BEA1CFEC0C100BF06DC /* POPSpringAnimation.mm */ = {isa = PBXFileReference; fileEncoding = 4; lastKnownFileType = sourcecode.cpp.objcpp; path = POPSpringAnimation.mm; sourceTree = "<group>"; };
		93BA5BEB1CFEC0C100BF06DC /* POPSpringAnimationInternal.h */ = {isa = PBXFileReference; fileEncoding = 4; lastKnownFileType = sourcecode.c.h; path = POPSpringAnimationInternal.h; sourceTree = "<group>"; };
		93BA5BEC1CFEC0C100BF06DC /* POPSpringSolver.h */ = {isa = PBXFileReference; fileEncoding = 4; lastKnownFileType = sourcecode.c.h; path = POPSpringSolver.h; sourceTree = "<group>"; };
		93BA5BED1CFEC0C100BF06DC /* POPVector.h */ = {isa = PBXFileReference; fileEncoding = 4; lastKnownFileType = sourcecode.c.h; path = POPVector.h; sourceTree = "<group>"; };
		93BA5BEE1CFEC0C100BF06DC /* POPVector.mm */ = {isa = PBXFileReference; fileEncoding = 4; lastKnownFileType = sourcecode.cpp.objcpp; path = POPVector.mm; sourceTree = "<group>"; };
		93BA5BF01CFEC0C100BF06DC /* FloatConversion.h */ = {isa = PBXFileReference; fileEncoding = 4; lastKnownFileType = sourcecode.c.h; path = FloatConversion.h; sourceTree = "<group>"; };
		93BA5BF11CFEC0C100BF06DC /* TransformationMatrix.cpp */ = {isa = PBXFileReference; fileEncoding = 4; lastKnownFileType = sourcecode.cpp.cpp; path = TransformationMatrix.cpp; sourceTree = "<group>"; };
		93BA5BF21CFEC0C100BF06DC /* TransformationMatrix.h */ = {isa = PBXFileReference; fileEncoding = 4; lastKnownFileType = sourcecode.c.h; path = TransformationMatrix.h; sourceTree = "<group>"; };
		93BA5BF31CFEC0C100BF06DC /* UnitBezier.h */ = {isa = PBXFileReference; fileEncoding = 4; lastKnownFileType = sourcecode.c.h; path = UnitBezier.h; sourceTree = "<group>"; };
		93BA5C061CFEC9A100BF06DC /* WMCustomButton.h */ = {isa = PBXFileReference; fileEncoding = 4; lastKnownFileType = sourcecode.c.h; path = WMCustomButton.h; sourceTree = "<group>"; };
		93BA5C071CFEC9A100BF06DC /* WMCustomButton.m */ = {isa = PBXFileReference; fileEncoding = 4; lastKnownFileType = sourcecode.c.objc; path = WMCustomButton.m; sourceTree = "<group>"; };
		93BA5C0C1CFEE4B000BF06DC /* ReplicatorViewController.h */ = {isa = PBXFileReference; fileEncoding = 4; lastKnownFileType = sourcecode.c.h; path = ReplicatorViewController.h; sourceTree = "<group>"; };
		93BA5C0D1CFEE4B000BF06DC /* ReplicatorViewController.m */ = {isa = PBXFileReference; fileEncoding = 4; lastKnownFileType = sourcecode.c.objc; path = ReplicatorViewController.m; sourceTree = "<group>"; };
/* End PBXFileReference section */

/* Begin PBXFrameworksBuildPhase section */
		9315287D1CFD168A00D27FD0 /* Frameworks */ = {
			isa = PBXFrameworksBuildPhase;
			buildActionMask = 2147483647;
			files = (
			);
			runOnlyForDeploymentPostprocessing = 0;
		};
		931528961CFD168A00D27FD0 /* Frameworks */ = {
			isa = PBXFrameworksBuildPhase;
			buildActionMask = 2147483647;
			files = (
			);
			runOnlyForDeploymentPostprocessing = 0;
		};
		931528A11CFD168A00D27FD0 /* Frameworks */ = {
			isa = PBXFrameworksBuildPhase;
			buildActionMask = 2147483647;
			files = (
			);
			runOnlyForDeploymentPostprocessing = 0;
		};
/* End PBXFrameworksBuildPhase section */

/* Begin PBXGroup section */
		931528771CFD168A00D27FD0 = {
			isa = PBXGroup;
			children = (
				931528821CFD168A00D27FD0 /* PopDemo */,
				9315289C1CFD168A00D27FD0 /* PopDemoTests */,
				931528A71CFD168A00D27FD0 /* PopDemoUITests */,
				931528811CFD168A00D27FD0 /* Products */,
			);
			sourceTree = "<group>";
		};
		931528811CFD168A00D27FD0 /* Products */ = {
			isa = PBXGroup;
			children = (
				931528801CFD168A00D27FD0 /* PopDemo.app */,
				931528991CFD168A00D27FD0 /* PopDemoTests.xctest */,
				931528A41CFD168A00D27FD0 /* PopDemoUITests.xctest */,
			);
			name = Products;
			sourceTree = "<group>";
		};
		931528821CFD168A00D27FD0 /* PopDemo */ = {
			isa = PBXGroup;
			children = (
				931529021CFD1D0C00D27FD0 /* class */,
				9315288C1CFD168A00D27FD0 /* Main.storyboard */,
				9315288F1CFD168A00D27FD0 /* Assets.xcassets */,
				931528911CFD168A00D27FD0 /* LaunchScreen.storyboard */,
				931528941CFD168A00D27FD0 /* Info.plist */,
				931528831CFD168A00D27FD0 /* Supporting Files */,
			);
			path = PopDemo;
			sourceTree = "<group>";
		};
		931528831CFD168A00D27FD0 /* Supporting Files */ = {
			isa = PBXGroup;
			children = (
				931528841CFD168A00D27FD0 /* main.m */,
			);
			name = "Supporting Files";
			sourceTree = "<group>";
		};
		9315289C1CFD168A00D27FD0 /* PopDemoTests */ = {
			isa = PBXGroup;
			children = (
				9315289D1CFD168A00D27FD0 /* PopDemoTests.m */,
				9315289F1CFD168A00D27FD0 /* Info.plist */,
			);
			path = PopDemoTests;
			sourceTree = "<group>";
		};
		931528A71CFD168A00D27FD0 /* PopDemoUITests */ = {
			isa = PBXGroup;
			children = (
				931528A81CFD168A00D27FD0 /* PopDemoUITests.m */,
				931528AA1CFD168A00D27FD0 /* Info.plist */,
			);
			path = PopDemoUITests;
			sourceTree = "<group>";
		};
		931529021CFD1D0C00D27FD0 /* class */ = {
			isa = PBXGroup;
			children = (
				93BA5C0B1CFEE49C00BF06DC /* Replicator */,
				93BA5BB91CFEBD7600BF06DC /* pop */,
				937289FD1CFD996100E3E973 /* CAEmitterLayer */,
				931529111CFD677000D27FD0 /* 划线 */,
				9315290A1CFD1D1A00D27FD0 /* 旋转 */,
				931529031CFD1D0C00D27FD0 /* other */,
			);
			path = class;
			sourceTree = "<group>";
		};
		931529031CFD1D0C00D27FD0 /* other */ = {
			isa = PBXGroup;
			children = (
				931529041CFD1D0C00D27FD0 /* AppDelegate.h */,
				931529051CFD1D0C00D27FD0 /* AppDelegate.m */,
				931529061CFD1D0C00D27FD0 /* ViewController.h */,
				931529071CFD1D0C00D27FD0 /* ViewController.m */,
				9315290B1CFD1FFC00D27FD0 /* BaseViewController.h */,
				9315290C1CFD1FFC00D27FD0 /* BaseViewController.m */,
			);
			path = other;
			sourceTree = "<group>";
		};
		9315290A1CFD1D1A00D27FD0 /* 旋转 */ = {
			isa = PBXGroup;
			children = (
				9315290E1CFD202E00D27FD0 /* Transform3DViewController.h */,
				9315290F1CFD202E00D27FD0 /* Transform3DViewController.m */,
			);
			name = "旋转";
			sourceTree = "<group>";
		};
		931529111CFD677000D27FD0 /* 划线 */ = {
			isa = PBXGroup;
			children = (
				931529121CFD67AA00D27FD0 /* LineationViewController.h */,
				931529131CFD67AA00D27FD0 /* LineationViewController.m */,
				937289AF1CFD837900E3E973 /* fire.png */,
				93BA5BB71CFEBADA00BF06DC /* ball.png */,
				93BA5BBD1CFEBE5600BF06DC /* snow1.png */,
				931529151CFD683300D27FD0 /* WMLayer.h */,
				931529161CFD683300D27FD0 /* WMLayer.m */,
			);
			name = "划线";
			sourceTree = "<group>";
		};
		937289FD1CFD996100E3E973 /* CAEmitterLayer */ = {
			isa = PBXGroup;
			children = (
				93728A0B1CFD999D00E3E973 /* CAEmitterLayerViewController.h */,
				93728A0C1CFD999D00E3E973 /* CAEmitterLayerViewController.m */,
				937289FE1CFD998300E3E973 /* CAEmitterLayerView.h */,
				937289FF1CFD998300E3E973 /* CAEmitterLayerView.m */,
				93728A001CFD998300E3E973 /* Rain.h */,
				93728A011CFD998300E3E973 /* Rain.m */,
				93728A021CFD998300E3E973 /* rain@2x.png */,
				93728A031CFD998300E3E973 /* Snow.h */,
				93728A041CFD998300E3E973 /* Snow.m */,
				93728A051CFD998300E3E973 /* snow@2x.png */,
				93728A0E1CFD9A5A00E3E973 /* alpha@2x.png */,
			);
			name = CAEmitterLayer;
			sourceTree = "<group>";
		};
		93BA5BB91CFEBD7600BF06DC /* pop */ = {
			isa = PBXGroup;
			children = (
				93BA5BBF1CFEC0C100BF06DC /* pop */,
				93BA5BBA1CFEBD8A00BF06DC /* PopViewController.h */,
				93BA5BBB1CFEBD8A00BF06DC /* PopViewController.m */,
				9300B39B1CFFC141000FA51E /* POPSpringAnimation+WM.h */,
				9300B39C1CFFC141000FA51E /* POPSpringAnimation+WM.m */,
				93BA5C061CFEC9A100BF06DC /* WMCustomButton.h */,
				93BA5C071CFEC9A100BF06DC /* WMCustomButton.m */,
			);
			name = pop;
			sourceTree = "<group>";
		};
		93BA5BBF1CFEC0C100BF06DC /* pop */ = {
			isa = PBXGroup;
			children = (
				93BA5BC01CFEC0C100BF06DC /* POP.h */,
				93BA5BC11CFEC0C100BF06DC /* POPAction.h */,
				93BA5BC21CFEC0C100BF06DC /* POPAnimatableProperty.h */,
				93BA5BC31CFEC0C100BF06DC /* POPAnimatableProperty.mm */,
				93BA5BC41CFEC0C100BF06DC /* POPAnimation.h */,
				93BA5BC51CFEC0C100BF06DC /* POPAnimation.mm */,
				93BA5BC61CFEC0C100BF06DC /* POPAnimationEvent.h */,
				93BA5BC71CFEC0C100BF06DC /* POPAnimationEvent.mm */,
				93BA5BC81CFEC0C100BF06DC /* POPAnimationEventInternal.h */,
				93BA5BC91CFEC0C100BF06DC /* POPAnimationExtras.h */,
				93BA5BCA1CFEC0C100BF06DC /* POPAnimationExtras.mm */,
				93BA5BCB1CFEC0C100BF06DC /* POPAnimationInternal.h */,
				93BA5BCC1CFEC0C100BF06DC /* POPAnimationPrivate.h */,
				93BA5BCD1CFEC0C100BF06DC /* POPAnimationRuntime.h */,
				93BA5BCE1CFEC0C100BF06DC /* POPAnimationRuntime.mm */,
				93BA5BCF1CFEC0C100BF06DC /* POPAnimationTracer.h */,
				93BA5BD01CFEC0C100BF06DC /* POPAnimationTracer.mm */,
				93BA5BD11CFEC0C100BF06DC /* POPAnimationTracerInternal.h */,
				93BA5BD21CFEC0C100BF06DC /* POPAnimator.h */,
				93BA5BD31CFEC0C100BF06DC /* POPAnimator.mm */,
				93BA5BD41CFEC0C100BF06DC /* POPAnimatorPrivate.h */,
				93BA5BD51CFEC0C100BF06DC /* POPBasicAnimation.h */,
				93BA5BD61CFEC0C100BF06DC /* POPBasicAnimation.mm */,
				93BA5BD71CFEC0C100BF06DC /* POPBasicAnimationInternal.h */,
				93BA5BD81CFEC0C100BF06DC /* POPCGUtils.h */,
				93BA5BD91CFEC0C100BF06DC /* POPCGUtils.mm */,
				93BA5BDA1CFEC0C100BF06DC /* POPCustomAnimation.h */,
				93BA5BDB1CFEC0C100BF06DC /* POPCustomAnimation.mm */,
				93BA5BDC1CFEC0C100BF06DC /* POPDecayAnimation.h */,
				93BA5BDD1CFEC0C100BF06DC /* POPDecayAnimation.mm */,
				93BA5BDE1CFEC0C100BF06DC /* POPDecayAnimationInternal.h */,
				93BA5BDF1CFEC0C100BF06DC /* POPDefines.h */,
				93BA5BE01CFEC0C100BF06DC /* POPGeometry.h */,
				93BA5BE11CFEC0C100BF06DC /* POPGeometry.mm */,
				93BA5BE21CFEC0C100BF06DC /* POPLayerExtras.h */,
				93BA5BE31CFEC0C100BF06DC /* POPLayerExtras.mm */,
				93BA5BE41CFEC0C100BF06DC /* POPMath.h */,
				93BA5BE51CFEC0C100BF06DC /* POPMath.mm */,
				93BA5BE61CFEC0C100BF06DC /* POPPropertyAnimation.h */,
				93BA5BE71CFEC0C100BF06DC /* POPPropertyAnimation.mm */,
				93BA5BE81CFEC0C100BF06DC /* POPPropertyAnimationInternal.h */,
				93BA5BE91CFEC0C100BF06DC /* POPSpringAnimation.h */,
				93BA5BEA1CFEC0C100BF06DC /* POPSpringAnimation.mm */,
				93BA5BEB1CFEC0C100BF06DC /* POPSpringAnimationInternal.h */,
				93BA5BEC1CFEC0C100BF06DC /* POPSpringSolver.h */,
				93BA5BED1CFEC0C100BF06DC /* POPVector.h */,
				93BA5BEE1CFEC0C100BF06DC /* POPVector.mm */,
				93BA5BEF1CFEC0C100BF06DC /* WebCore */,
			);
			path = pop;
			sourceTree = "<group>";
		};
		93BA5BEF1CFEC0C100BF06DC /* WebCore */ = {
			isa = PBXGroup;
			children = (
				93BA5BF01CFEC0C100BF06DC /* FloatConversion.h */,
				93BA5BF11CFEC0C100BF06DC /* TransformationMatrix.cpp */,
				93BA5BF21CFEC0C100BF06DC /* TransformationMatrix.h */,
				93BA5BF31CFEC0C100BF06DC /* UnitBezier.h */,
			);
			path = WebCore;
			sourceTree = "<group>";
		};
		93BA5C0B1CFEE49C00BF06DC /* Replicator */ = {
			isa = PBXGroup;
			children = (
				93BA5C0C1CFEE4B000BF06DC /* ReplicatorViewController.h */,
				93BA5C0D1CFEE4B000BF06DC /* ReplicatorViewController.m */,
			);
			name = Replicator;
			sourceTree = "<group>";
		};
/* End PBXGroup section */

/* Begin PBXNativeTarget section */
		9315287F1CFD168A00D27FD0 /* PopDemo */ = {
			isa = PBXNativeTarget;
			buildConfigurationList = 931528AD1CFD168A00D27FD0 /* Build configuration list for PBXNativeTarget "PopDemo" */;
			buildPhases = (
				9315287C1CFD168A00D27FD0 /* Sources */,
				9315287D1CFD168A00D27FD0 /* Frameworks */,
				9315287E1CFD168A00D27FD0 /* Resources */,
			);
			buildRules = (
			);
			dependencies = (
			);
			name = PopDemo;
			productName = PopDemo;
			productReference = 931528801CFD168A00D27FD0 /* PopDemo.app */;
			productType = "com.apple.product-type.application";
		};
		931528981CFD168A00D27FD0 /* PopDemoTests */ = {
			isa = PBXNativeTarget;
			buildConfigurationList = 931528B01CFD168A00D27FD0 /* Build configuration list for PBXNativeTarget "PopDemoTests" */;
			buildPhases = (
				931528951CFD168A00D27FD0 /* Sources */,
				931528961CFD168A00D27FD0 /* Frameworks */,
				931528971CFD168A00D27FD0 /* Resources */,
			);
			buildRules = (
			);
			dependencies = (
				9315289B1CFD168A00D27FD0 /* PBXTargetDependency */,
			);
			name = PopDemoTests;
			productName = PopDemoTests;
			productReference = 931528991CFD168A00D27FD0 /* PopDemoTests.xctest */;
			productType = "com.apple.product-type.bundle.unit-test";
		};
		931528A31CFD168A00D27FD0 /* PopDemoUITests */ = {
			isa = PBXNativeTarget;
			buildConfigurationList = 931528B31CFD168A00D27FD0 /* Build configuration list for PBXNativeTarget "PopDemoUITests" */;
			buildPhases = (
				931528A01CFD168A00D27FD0 /* Sources */,
				931528A11CFD168A00D27FD0 /* Frameworks */,
				931528A21CFD168A00D27FD0 /* Resources */,
			);
			buildRules = (
			);
			dependencies = (
				931528A61CFD168A00D27FD0 /* PBXTargetDependency */,
			);
			name = PopDemoUITests;
			productName = PopDemoUITests;
			productReference = 931528A41CFD168A00D27FD0 /* PopDemoUITests.xctest */;
			productType = "com.apple.product-type.bundle.ui-testing";
		};
/* End PBXNativeTarget section */

/* Begin PBXProject section */
		931528781CFD168A00D27FD0 /* Project object */ = {
			isa = PBXProject;
			attributes = {
				LastUpgradeCheck = 0730;
				ORGANIZATIONNAME = WM;
				TargetAttributes = {
					9315287F1CFD168A00D27FD0 = {
						CreatedOnToolsVersion = 7.3.1;
					};
					931528981CFD168A00D27FD0 = {
						CreatedOnToolsVersion = 7.3.1;
						TestTargetID = 9315287F1CFD168A00D27FD0;
					};
					931528A31CFD168A00D27FD0 = {
						CreatedOnToolsVersion = 7.3.1;
						TestTargetID = 9315287F1CFD168A00D27FD0;
					};
				};
			};
			buildConfigurationList = 9315287B1CFD168A00D27FD0 /* Build configuration list for PBXProject "PopDemo" */;
			compatibilityVersion = "Xcode 3.2";
			developmentRegion = English;
			hasScannedForEncodings = 0;
			knownRegions = (
				en,
				Base,
			);
			mainGroup = 931528771CFD168A00D27FD0;
			productRefGroup = 931528811CFD168A00D27FD0 /* Products */;
			projectDirPath = "";
			projectRoot = "";
			targets = (
				9315287F1CFD168A00D27FD0 /* PopDemo */,
				931528981CFD168A00D27FD0 /* PopDemoTests */,
				931528A31CFD168A00D27FD0 /* PopDemoUITests */,
			);
		};
/* End PBXProject section */

/* Begin PBXResourcesBuildPhase section */
		9315287E1CFD168A00D27FD0 /* Resources */ = {
			isa = PBXResourcesBuildPhase;
			buildActionMask = 2147483647;
			files = (
				93728A081CFD998300E3E973 /* rain@2x.png in Resources */,
				93728A0F1CFD9A5A00E3E973 /* alpha@2x.png in Resources */,
				931528931CFD168A00D27FD0 /* LaunchScreen.storyboard in Resources */,
				937289B01CFD837900E3E973 /* fire.png in Resources */,
				93728A0A1CFD998300E3E973 /* snow@2x.png in Resources */,
				931528901CFD168A00D27FD0 /* Assets.xcassets in Resources */,
				93BA5BB81CFEBADA00BF06DC /* ball.png in Resources */,
				9315288E1CFD168A00D27FD0 /* Main.storyboard in Resources */,
				93BA5BBE1CFEBE5600BF06DC /* snow1.png in Resources */,
			);
			runOnlyForDeploymentPostprocessing = 0;
		};
		931528971CFD168A00D27FD0 /* Resources */ = {
			isa = PBXResourcesBuildPhase;
			buildActionMask = 2147483647;
			files = (
			);
			runOnlyForDeploymentPostprocessing = 0;
		};
		931528A21CFD168A00D27FD0 /* Resources */ = {
			isa = PBXResourcesBuildPhase;
			buildActionMask = 2147483647;
			files = (
			);
			runOnlyForDeploymentPostprocessing = 0;
		};
/* End PBXResourcesBuildPhase section */

/* Begin PBXSourcesBuildPhase section */
		9315287C1CFD168A00D27FD0 /* Sources */ = {
			isa = PBXSourcesBuildPhase;
			buildActionMask = 2147483647;
			files = (
				93BA5BBC1CFEBD8A00BF06DC /* PopViewController.m in Sources */,
				93728A091CFD998300E3E973 /* Snow.m in Sources */,
				931528851CFD168A00D27FD0 /* main.m in Sources */,
				93BA5C011CFEC0C100BF06DC /* POPMath.mm in Sources */,
				93BA5BF91CFEC0C100BF06DC /* POPAnimationTracer.mm in Sources */,
				93BA5BF71CFEC0C100BF06DC /* POPAnimationExtras.mm in Sources */,
				93BA5BFB1CFEC0C100BF06DC /* POPBasicAnimation.mm in Sources */,
				93BA5C041CFEC0C100BF06DC /* POPVector.mm in Sources */,
				93BA5BF41CFEC0C100BF06DC /* POPAnimatableProperty.mm in Sources */,
				93BA5C0E1CFEE4B000BF06DC /* ReplicatorViewController.m in Sources */,
				93BA5C001CFEC0C100BF06DC /* POPLayerExtras.mm in Sources */,
				93BA5BF51CFEC0C100BF06DC /* POPAnimation.mm in Sources */,
				93BA5BF81CFEC0C100BF06DC /* POPAnimationRuntime.mm in Sources */,
				93BA5C021CFEC0C100BF06DC /* POPPropertyAnimation.mm in Sources */,
				9315290D1CFD1FFC00D27FD0 /* BaseViewController.m in Sources */,
				93BA5BF61CFEC0C100BF06DC /* POPAnimationEvent.mm in Sources */,
				93BA5BFE1CFEC0C100BF06DC /* POPDecayAnimation.mm in Sources */,
				93BA5C031CFEC0C100BF06DC /* POPSpringAnimation.mm in Sources */,
				93BA5C081CFEC9A100BF06DC /* WMCustomButton.m in Sources */,
				931529141CFD67AA00D27FD0 /* LineationViewController.m in Sources */,
				931529101CFD202E00D27FD0 /* Transform3DViewController.m in Sources */,
				93BA5C051CFEC0C100BF06DC /* TransformationMatrix.cpp in Sources */,
				931529171CFD683300D27FD0 /* WMLayer.m in Sources */,
				93728A0D1CFD999D00E3E973 /* CAEmitterLayerViewController.m in Sources */,
				93728A061CFD998300E3E973 /* CAEmitterLayerView.m in Sources */,
				93BA5BFF1CFEC0C100BF06DC /* POPGeometry.mm in Sources */,
				93BA5BFA1CFEC0C100BF06DC /* POPAnimator.mm in Sources */,
				931529091CFD1D0C00D27FD0 /* ViewController.m in Sources */,
				93728A071CFD998300E3E973 /* Rain.m in Sources */,
				93BA5BFD1CFEC0C100BF06DC /* POPCustomAnimation.mm in Sources */,
				931529081CFD1D0C00D27FD0 /* AppDelegate.m in Sources */,
				93BA5BFC1CFEC0C100BF06DC /* POPCGUtils.mm in Sources */,
				9300B39D1CFFC141000FA51E /* POPSpringAnimation+WM.m in Sources */,
			);
			runOnlyForDeploymentPostprocessing = 0;
		};
		931528951CFD168A00D27FD0 /* Sources */ = {
			isa = PBXSourcesBuildPhase;
			buildActionMask = 2147483647;
			files = (
				9315289E1CFD168A00D27FD0 /* PopDemoTests.m in Sources */,
			);
			runOnlyForDeploymentPostprocessing = 0;
		};
		931528A01CFD168A00D27FD0 /* Sources */ = {
			isa = PBXSourcesBuildPhase;
			buildActionMask = 2147483647;
			files = (
				931528A91CFD168A00D27FD0 /* PopDemoUITests.m in Sources */,
			);
			runOnlyForDeploymentPostprocessing = 0;
		};
/* End PBXSourcesBuildPhase section */

/* Begin PBXTargetDependency section */
		9315289B1CFD168A00D27FD0 /* PBXTargetDependency */ = {
			isa = PBXTargetDependency;
			target = 9315287F1CFD168A00D27FD0 /* PopDemo */;
			targetProxy = 9315289A1CFD168A00D27FD0 /* PBXContainerItemProxy */;
		};
		931528A61CFD168A00D27FD0 /* PBXTargetDependency */ = {
			isa = PBXTargetDependency;
			target = 9315287F1CFD168A00D27FD0 /* PopDemo */;
			targetProxy = 931528A51CFD168A00D27FD0 /* PBXContainerItemProxy */;
		};
/* End PBXTargetDependency section */

/* Begin PBXVariantGroup section */
		9315288C1CFD168A00D27FD0 /* Main.storyboard */ = {
			isa = PBXVariantGroup;
			children = (
				9315288D1CFD168A00D27FD0 /* Base */,
			);
			name = Main.storyboard;
			sourceTree = "<group>";
		};
		931528911CFD168A00D27FD0 /* LaunchScreen.storyboard */ = {
			isa = PBXVariantGroup;
			children = (
				931528921CFD168A00D27FD0 /* Base */,
			);
			name = LaunchScreen.storyboard;
			sourceTree = "<group>";
		};
/* End PBXVariantGroup section */

/* Begin XCBuildConfiguration section */
		931528AB1CFD168A00D27FD0 /* Debug */ = {
			isa = XCBuildConfiguration;
			buildSettings = {
				ALWAYS_SEARCH_USER_PATHS = NO;
				CLANG_ANALYZER_NONNULL = YES;
				CLANG_CXX_LANGUAGE_STANDARD = "gnu++0x";
				CLANG_CXX_LIBRARY = "libc++";
				CLANG_ENABLE_MODULES = YES;
				CLANG_ENABLE_OBJC_ARC = YES;
				CLANG_WARN_BOOL_CONVERSION = YES;
				CLANG_WARN_CONSTANT_CONVERSION = YES;
				CLANG_WARN_DIRECT_OBJC_ISA_USAGE = YES_ERROR;
				CLANG_WARN_EMPTY_BODY = YES;
				CLANG_WARN_ENUM_CONVERSION = YES;
				CLANG_WARN_INT_CONVERSION = YES;
				CLANG_WARN_OBJC_ROOT_CLASS = YES_ERROR;
				CLANG_WARN_UNREACHABLE_CODE = YES;
				CLANG_WARN__DUPLICATE_METHOD_MATCH = YES;
				"CODE_SIGN_IDENTITY[sdk=iphoneos*]" = "iPhone Developer";
				COPY_PHASE_STRIP = NO;
				DEBUG_INFORMATION_FORMAT = dwarf;
				ENABLE_STRICT_OBJC_MSGSEND = YES;
				ENABLE_TESTABILITY = YES;
				GCC_C_LANGUAGE_STANDARD = gnu99;
				GCC_DYNAMIC_NO_PIC = NO;
				GCC_NO_COMMON_BLOCKS = YES;
				GCC_OPTIMIZATION_LEVEL = 0;
				GCC_PREPROCESSOR_DEFINITIONS = (
					"DEBUG=1",
					"$(inherited)",
				);
				GCC_WARN_64_TO_32_BIT_CONVERSION = YES;
				GCC_WARN_ABOUT_RETURN_TYPE = YES_ERROR;
				GCC_WARN_UNDECLARED_SELECTOR = YES;
				GCC_WARN_UNINITIALIZED_AUTOS = YES_AGGRESSIVE;
				GCC_WARN_UNUSED_FUNCTION = YES;
				GCC_WARN_UNUSED_VARIABLE = YES;
				IPHONEOS_DEPLOYMENT_TARGET = 9.3;
				MTL_ENABLE_DEBUG_INFO = YES;
				ONLY_ACTIVE_ARCH = YES;
				SDKROOT = iphoneos;
				TARGETED_DEVICE_FAMILY = "1,2";
			};
			name = Debug;
		};
		931528AC1CFD168A00D27FD0 /* Release */ = {
			isa = XCBuildConfiguration;
			buildSettings = {
				ALWAYS_SEARCH_USER_PATHS = NO;
				CLANG_ANALYZER_NONNULL = YES;
				CLANG_CXX_LANGUAGE_STANDARD = "gnu++0x";
				CLANG_CXX_LIBRARY = "libc++";
				CLANG_ENABLE_MODULES = YES;
				CLANG_ENABLE_OBJC_ARC = YES;
				CLANG_WARN_BOOL_CONVERSION = YES;
				CLANG_WARN_CONSTANT_CONVERSION = YES;
				CLANG_WARN_DIRECT_OBJC_ISA_USAGE = YES_ERROR;
				CLANG_WARN_EMPTY_BODY = YES;
				CLANG_WARN_ENUM_CONVERSION = YES;
				CLANG_WARN_INT_CONVERSION = YES;
				CLANG_WARN_OBJC_ROOT_CLASS = YES_ERROR;
				CLANG_WARN_UNREACHABLE_CODE = YES;
				CLANG_WARN__DUPLICATE_METHOD_MATCH = YES;
				"CODE_SIGN_IDENTITY[sdk=iphoneos*]" = "iPhone Developer";
				COPY_PHASE_STRIP = NO;
				DEBUG_INFORMATION_FORMAT = "dwarf-with-dsym";
				ENABLE_NS_ASSERTIONS = NO;
				ENABLE_STRICT_OBJC_MSGSEND = YES;
				GCC_C_LANGUAGE_STANDARD = gnu99;
				GCC_NO_COMMON_BLOCKS = YES;
				GCC_WARN_64_TO_32_BIT_CONVERSION = YES;
				GCC_WARN_ABOUT_RETURN_TYPE = YES_ERROR;
				GCC_WARN_UNDECLARED_SELECTOR = YES;
				GCC_WARN_UNINITIALIZED_AUTOS = YES_AGGRESSIVE;
				GCC_WARN_UNUSED_FUNCTION = YES;
				GCC_WARN_UNUSED_VARIABLE = YES;
				IPHONEOS_DEPLOYMENT_TARGET = 9.3;
				MTL_ENABLE_DEBUG_INFO = NO;
				SDKROOT = iphoneos;
				TARGETED_DEVICE_FAMILY = "1,2";
				VALIDATE_PRODUCT = YES;
			};
			name = Release;
		};
		931528AE1CFD168A00D27FD0 /* Debug */ = {
			isa = XCBuildConfiguration;
			buildSettings = {
				ASSETCATALOG_COMPILER_APPICON_NAME = AppIcon;
				INFOPLIST_FILE = PopDemo/Info.plist;
				LD_RUNPATH_SEARCH_PATHS = "$(inherited) @executable_path/Frameworks";
				PRODUCT_BUNDLE_IDENTIFIER = MIAO.PopDemo;
				PRODUCT_NAME = "$(TARGET_NAME)";
			};
			name = Debug;
		};
		931528AF1CFD168A00D27FD0 /* Release */ = {
			isa = XCBuildConfiguration;
			buildSettings = {
				ASSETCATALOG_COMPILER_APPICON_NAME = AppIcon;
				INFOPLIST_FILE = PopDemo/Info.plist;
				LD_RUNPATH_SEARCH_PATHS = "$(inherited) @executable_path/Frameworks";
				PRODUCT_BUNDLE_IDENTIFIER = MIAO.PopDemo;
				PRODUCT_NAME = "$(TARGET_NAME)";
			};
			name = Release;
		};
		931528B11CFD168A00D27FD0 /* Debug */ = {
			isa = XCBuildConfiguration;
			buildSettings = {
				BUNDLE_LOADER = "$(TEST_HOST)";
				INFOPLIST_FILE = PopDemoTests/Info.plist;
				LD_RUNPATH_SEARCH_PATHS = "$(inherited) @executable_path/Frameworks @loader_path/Frameworks";
				PRODUCT_BUNDLE_IDENTIFIER = MIAO.PopDemoTests;
				PRODUCT_NAME = "$(TARGET_NAME)";
				TEST_HOST = "$(BUILT_PRODUCTS_DIR)/PopDemo.app/PopDemo";
			};
			name = Debug;
		};
		931528B21CFD168A00D27FD0 /* Release */ = {
			isa = XCBuildConfiguration;
			buildSettings = {
				BUNDLE_LOADER = "$(TEST_HOST)";
				INFOPLIST_FILE = PopDemoTests/Info.plist;
				LD_RUNPATH_SEARCH_PATHS = "$(inherited) @executable_path/Frameworks @loader_path/Frameworks";
				PRODUCT_BUNDLE_IDENTIFIER = MIAO.PopDemoTests;
				PRODUCT_NAME = "$(TARGET_NAME)";
				TEST_HOST = "$(BUILT_PRODUCTS_DIR)/PopDemo.app/PopDemo";
			};
			name = Release;
		};
		931528B41CFD168A00D27FD0 /* Debug */ = {
			isa = XCBuildConfiguration;
			buildSettings = {
				INFOPLIST_FILE = PopDemoUITests/Info.plist;
				LD_RUNPATH_SEARCH_PATHS = "$(inherited) @executable_path/Frameworks @loader_path/Frameworks";
				PRODUCT_BUNDLE_IDENTIFIER = MIAO.PopDemoUITests;
				PRODUCT_NAME = "$(TARGET_NAME)";
				TEST_TARGET_NAME = PopDemo;
			};
			name = Debug;
		};
		931528B51CFD168A00D27FD0 /* Release */ = {
			isa = XCBuildConfiguration;
			buildSettings = {
				INFOPLIST_FILE = PopDemoUITests/Info.plist;
				LD_RUNPATH_SEARCH_PATHS = "$(inherited) @executable_path/Frameworks @loader_path/Frameworks";
				PRODUCT_BUNDLE_IDENTIFIER = MIAO.PopDemoUITests;
				PRODUCT_NAME = "$(TARGET_NAME)";
				TEST_TARGET_NAME = PopDemo;
			};
			name = Release;
		};
/* End XCBuildConfiguration section */

/* Begin XCConfigurationList section */
		9315287B1CFD168A00D27FD0 /* Build configuration list for PBXProject "PopDemo" */ = {
			isa = XCConfigurationList;
			buildConfigurations = (
				931528AB1CFD168A00D27FD0 /* Debug */,
				931528AC1CFD168A00D27FD0 /* Release */,
			);
			defaultConfigurationIsVisible = 0;
			defaultConfigurationName = Release;
		};
		931528AD1CFD168A00D27FD0 /* Build configuration list for PBXNativeTarget "PopDemo" */ = {
			isa = XCConfigurationList;
			buildConfigurations = (
				931528AE1CFD168A00D27FD0 /* Debug */,
				931528AF1CFD168A00D27FD0 /* Release */,
			);
			defaultConfigurationIsVisible = 0;
			defaultConfigurationName = Release;
		};
		931528B01CFD168A00D27FD0 /* Build configuration list for PBXNativeTarget "PopDemoTests" */ = {
			isa = XCConfigurationList;
			buildConfigurations = (
				931528B11CFD168A00D27FD0 /* Debug */,
				931528B21CFD168A00D27FD0 /* Release */,
			);
			defaultConfigurationIsVisible = 0;
			defaultConfigurationName = Release;
		};
		931528B31CFD168A00D27FD0 /* Build configuration list for PBXNativeTarget "PopDemoUITests" */ = {
			isa = XCConfigurationList;
			buildConfigurations = (
				931528B41CFD168A00D27FD0 /* Debug */,
				931528B51CFD168A00D27FD0 /* Release */,
			);
			defaultConfigurationIsVisible = 0;
			defaultConfigurationName = Release;
		};
/* End XCConfigurationList section */
	};
	rootObject = 931528781CFD168A00D27FD0 /* Project object */;
}
